{
  "name": "@neneos/nuxt-font-awesome",
  "version": "0.0.1",
  "lockfileVersion": 1,
  "requires": true,
  "dependencies": {
    "@fortawesome/fontawesome": {
      "version": "1.1.5",
      "resolved": "https://registry.npmjs.org/@fortawesome/fontawesome/-/fontawesome-1.1.5.tgz",
      "integrity": "sha512-WAgbcVs7/YTxq7RK/dhyoJPzaIZpOQnStyO5s1sj0rZa0J1ScXYoGPmsP1ec6qM/BhDjRVB228xr2DiCPTHRCA==",
      "requires": {
        "@fortawesome/fontawesome-common-types": "0.1.4"
      }
    },
    "@fortawesome/fontawesome-common-types": {
      "version": "0.1.4",
      "resolved": "https://registry.npmjs.org/@fortawesome/fontawesome-common-types/-/fontawesome-common-types-0.1.4.tgz",
      "integrity": "sha512-JEgIoqh9HAQWul8CVLrOmWUI8nUQfCJZygRJ1Cr2H/O3+pCpVszW199cIpc7k7Nr1HJtLD77AUZVnxaKllx7AQ=="
    },
    "@fortawesome/fontawesome-free-brands": {
      "version": "5.0.10",
      "resolved": "https://registry.npmjs.org/@fortawesome/fontawesome-free-brands/-/fontawesome-free-brands-5.0.10.tgz",
      "integrity": "sha512-x4u7M5u9oWHgvh80VrvYNMFVtyyIyul0kCCK0K47fIeLrILjMAkcjbzeubulvRml31+k1qzqrqxVo83K06CdTw==",
      "requires": {
        "@fortawesome/fontawesome-common-types": "0.1.4"
      }
    },
    "@fortawesome/fontawesome-free-regular": {
      "version": "5.0.10",
      "resolved": "https://registry.npmjs.org/@fortawesome/fontawesome-free-regular/-/fontawesome-free-regular-5.0.10.tgz",
      "integrity": "sha512-w9MMoabrhW/hBT4NpcBX0a7WQc/EQWkBkm8IklWZgBLoJER8lpEwMqBAa+eqnNJXqCKOnganFSFg2P+Fsi+T9A==",
      "requires": {
        "@fortawesome/fontawesome-common-types": "0.1.4"
      }
    },
    "@fortawesome/fontawesome-free-solid": {
      "version": "5.0.10",
      "resolved": "https://registry.npmjs.org/@fortawesome/fontawesome-free-solid/-/fontawesome-free-solid-5.0.10.tgz",
      "integrity": "sha512-RFxCG49xJcU7NwcEjAnJaerlzCzCX5sx9HdbHt3E1zML2skwmAZ2PwqyEfuT0iW2ZfYyx6SU1Zf0GUa7FL6f/A==",
      "requires": {
        "@fortawesome/fontawesome-common-types": "0.1.4"
      }
    },
    "@fortawesome/vue-fontawesome": {
      "version": "0.0.22",
      "resolved": "https://registry.npmjs.org/@fortawesome/vue-fontawesome/-/vue-fontawesome-0.0.22.tgz",
      "integrity": "sha512-KKQ1hVTWkXRaSGVMNI/dZsznVJIZ8dqLA2J6X8nZAIg7F2Gs1zIzBC9qxOKm+gktFAJU2aCCR7BTCoZIdjvGNw=="
    }
  }
}
